<?xml version="1.0" encoding="utf-8"?>
<Project ToolsVersion="4.0" xmlns="http://schemas.microsoft.com/developer/msbuild/2003">
  <ItemGroup>
    <Filter Include="Resource Files">
      <UniqueIdentifier>{67DA6AB6-F800-4c08-8B7A-83BB121AAD01}</UniqueIdentifier>
      <Extensions>rc;ico;cur;bmp;dlg;rc2;rct;bin;rgs;gif;jpg;jpeg;jpe;resx;tiff;tif;png;wav;mfcribbon-ms</Extensions>
    </Filter>
    <Filter Include="backward">
      <UniqueIdentifier>{b4809837-8b94-4b9e-81da-edf8f91b3a97}</UniqueIdentifier>
    </Filter>
    <Filter Include="forward">
      <UniqueIdentifier>{3e60c79f-f6ce-467f-9944-1a8001af40ea}</UniqueIdentifier>
    </Filter>
    <Filter Include="initializer">
      <UniqueIdentifier>{6964ad10-4738-4eae-9766-7fe550de54f0}</UniqueIdentifier>
    </Filter>
    <Filter Include="math">
      <UniqueIdentifier>{c93fee7f-77b9-41fd-9e3a-c62e6816f3af}</UniqueIdentifier>
    </Filter>
    <Filter Include="model">
      <UniqueIdentifier>{0d1ea08a-d733-43e9-88b8-1c11d02dca67}</UniqueIdentifier>
    </Filter>
    <Filter Include="protomsg">
      <UniqueIdentifier>{4406dd7a-f587-4ea8-8d98-a6129b538513}</UniqueIdentifier>
    </Filter>
    <Filter Include="runmode">
      <UniqueIdentifier>{aeee9548-6aa6-4edb-822c-5430507349a3}</UniqueIdentifier>
    </Filter>
  </ItemGroup>
  <ItemGroup>
    <ClCompile Include="backward\BackwardChecking.cpp">
      <Filter>backward</Filter>
    </ClCompile>
    <ClCompile Include="backward\CandidateGenerator.cpp">
      <Filter>backward</Filter>
    </ClCompile>
    <ClCompile Include="backward\InformationGain.cpp">
      <Filter>backward</Filter>
    </ClCompile>
    <ClCompile Include="forward\ForwardChecking.cpp">
      <Filter>forward</Filter>
    </ClCompile>
    <ClCompile Include="forward\UpdateByCell.cpp">
      <Filter>forward</Filter>
    </ClCompile>
    <ClCompile Include="forward\UpdateByConvolution.cpp">
      <Filter>forward</Filter>
    </ClCompile>
    <ClCompile Include="initializer\DetectionInitializer.cpp">
      <Filter>initializer</Filter>
    </ClCompile>
    <ClCompile Include="initializer\HypothesisInitializer.cpp">
      <Filter>initializer</Filter>
    </ClCompile>
    <ClCompile Include="initializer\MapBuilder.cpp">
      <Filter>initializer</Filter>
    </ClCompile>
    <ClCompile Include="math\Gamma.cpp">
      <Filter>math</Filter>
    </ClCompile>
    <ClCompile Include="math\Gaussian.cpp">
      <Filter>math</Filter>
    </ClCompile>
    <ClCompile Include="math\GaussianBlur.cpp">
      <Filter>math</Filter>
    </ClCompile>
    <ClCompile Include="model\Cell.cpp">
      <Filter>model</Filter>
    </ClCompile>
    <ClCompile Include="model\Cells.cpp">
      <Filter>model</Filter>
    </ClCompile>
    <ClCompile Include="model\Coordinate.cpp">
      <Filter>model</Filter>
    </ClCompile>
    <ClCompile Include="model\Hypothesis.cpp">
      <Filter>model</Filter>
    </ClCompile>
    <ClCompile Include="model\Map3D.cpp">
      <Filter>model</Filter>
    </ClCompile>
    <ClCompile Include="model\Methane.cpp">
      <Filter>model</Filter>
    </ClCompile>
    <ClCompile Include="model\Wind.cpp">
      <Filter>model</Filter>
    </ClCompile>
    <ClCompile Include="model\WindVector.cpp">
      <Filter>model</Filter>
    </ClCompile>
    <ClCompile Include="protomsg\cell.pb.cc">
      <Filter>protomsg</Filter>
    </ClCompile>
    <ClCompile Include="protomsg\dect.pb.cc">
      <Filter>protomsg</Filter>
    </ClCompile>
    <ClCompile Include="protomsg\hypothesis.pb.cc">
      <Filter>protomsg</Filter>
    </ClCompile>
    <ClCompile Include="protomsg\MessageBuilder.cpp">
      <Filter>protomsg</Filter>
    </ClCompile>
    <ClCompile Include="main.cpp" />
    <ClCompile Include="runmode\AsynEvent.cpp">
      <Filter>runmode</Filter>
    </ClCompile>
    <ClCompile Include="runmode\Executor.cpp">
      <Filter>runmode</Filter>
    </ClCompile>
    <ClCompile Include="runmode\ExecutorFactory.cpp">
      <Filter>runmode</Filter>
    </ClCompile>
    <ClCompile Include="runmode\MultiThread.cpp">
      <Filter>runmode</Filter>
    </ClCompile>
    <ClCompile Include="runmode\SingleForward.cpp">
      <Filter>runmode</Filter>
    </ClCompile>
  </ItemGroup>
  <ItemGroup>
    <ClInclude Include="backward\BackwardChecking.h">
      <Filter>backward</Filter>
    </ClInclude>
    <ClInclude Include="backward\CandidateGenerator.h">
      <Filter>backward</Filter>
    </ClInclude>
    <ClInclude Include="backward\InformationGain.h">
      <Filter>backward</Filter>
    </ClInclude>
    <ClInclude Include="forward\ForwardChecking.h">
      <Filter>forward</Filter>
    </ClInclude>
    <ClInclude Include="forward\UpdateByCell.h">
      <Filter>forward</Filter>
    </ClInclude>
    <ClInclude Include="forward\UpdateByConvolution.h">
      <Filter>forward</Filter>
    </ClInclude>
    <ClInclude Include="initializer\DetectionInitializer.h">
      <Filter>initializer</Filter>
    </ClInclude>
    <ClInclude Include="initializer\HypothesisInitializer.h">
      <Filter>initializer</Filter>
    </ClInclude>
    <ClInclude Include="initializer\MapBuilder.h">
      <Filter>initializer</Filter>
    </ClInclude>
    <ClInclude Include="math\Gamma.h">
      <Filter>math</Filter>
    </ClInclude>
    <ClInclude Include="math\Gaussian.h">
      <Filter>math</Filter>
    </ClInclude>
    <ClInclude Include="math\GaussianBlur.h">
      <Filter>math</Filter>
    </ClInclude>
    <ClInclude Include="model\Candidate.h">
      <Filter>model</Filter>
    </ClInclude>
    <ClInclude Include="model\Cell.h">
      <Filter>model</Filter>
    </ClInclude>
    <ClInclude Include="model\Cells.h">
      <Filter>model</Filter>
    </ClInclude>
    <ClInclude Include="model\Coordinate.h">
      <Filter>model</Filter>
    </ClInclude>
    <ClInclude Include="model\Hypothesis.h">
      <Filter>model</Filter>
    </ClInclude>
    <ClInclude Include="model\Map3D.h">
      <Filter>model</Filter>
    </ClInclude>
    <ClInclude Include="model\Methane.h">
      <Filter>model</Filter>
    </ClInclude>
    <ClInclude Include="model\TypeDef.h">
      <Filter>model</Filter>
    </ClInclude>
    <ClInclude Include="model\Wind.h">
      <Filter>model</Filter>
    </ClInclude>
    <ClInclude Include="model\WindVector.h">
      <Filter>model</Filter>
    </ClInclude>
    <ClInclude Include="protomsg\cell.pb.h">
      <Filter>protomsg</Filter>
    </ClInclude>
    <ClInclude Include="protomsg\dect.pb.h">
      <Filter>protomsg</Filter>
    </ClInclude>
    <ClInclude Include="protomsg\hypothesis.pb.h">
      <Filter>protomsg</Filter>
    </ClInclude>
    <ClInclude Include="protomsg\MessageBuilder.h">
      <Filter>protomsg</Filter>
    </ClInclude>
    <ClInclude Include="runmode\AsynEvent.h">
      <Filter>runmode</Filter>
    </ClInclude>
    <ClInclude Include="runmode\Executor.h">
      <Filter>runmode</Filter>
    </ClInclude>
    <ClInclude Include="runmode\ExecutorFactory.h">
      <Filter>runmode</Filter>
    </ClInclude>
    <ClInclude Include="runmode\MultiThread.h">
      <Filter>runmode</Filter>
    </ClInclude>
    <ClInclude Include="runmode\SingleForward.h">
      <Filter>runmode</Filter>
    </ClInclude>
  </ItemGroup>
</Project>