<?xml version="1.0" encoding="utf-8"?>
<Project ToolsVersion="4.0" xmlns="http://schemas.microsoft.com/developer/msbuild/2003">
  <ItemGroup>
    <Filter Include="Resource Files">
      <UniqueIdentifier>{67DA6AB6-F800-4c08-8B7A-83BB121AAD01}</UniqueIdentifier>
      <Extensions>rc;ico;cur;bmp;dlg;rc2;rct;bin;rgs;gif;jpg;jpeg;jpe;resx;tiff;tif;png;wav;mfcribbon-ms</Extensions>
    </Filter>
    <Filter Include="cfg">
      <UniqueIdentifier>{545c8a5c-36b7-4cd5-9ae8-271fe0fa9783}</UniqueIdentifier>
    </Filter>
    <Filter Include="backward">
      <UniqueIdentifier>{a4146118-f4ce-483e-8a13-df8b81b4a00b}</UniqueIdentifier>
    </Filter>
    <Filter Include="filesystem">
      <UniqueIdentifier>{d9adc8e1-09cd-4172-b2ac-7f155062e8a7}</UniqueIdentifier>
    </Filter>
    <Filter Include="forward">
      <UniqueIdentifier>{7b134845-092c-4cae-a062-b44aee3e45fd}</UniqueIdentifier>
    </Filter>
    <Filter Include="math">
      <UniqueIdentifier>{92e4e4b7-5739-4a11-a8ca-317b8e92b348}</UniqueIdentifier>
    </Filter>
    <Filter Include="model">
      <UniqueIdentifier>{be61ab7d-b860-4985-b348-dd9413e24095}</UniqueIdentifier>
    </Filter>
    <Filter Include="initializer">
      <UniqueIdentifier>{f971397b-66c7-4b2d-a305-97fc4f6ac1ec}</UniqueIdentifier>
    </Filter>
  </ItemGroup>
  <ItemGroup>
    <ClCompile Include="backwrad\BackwardChecking.cpp">
      <Filter>backward</Filter>
    </ClCompile>
    <ClCompile Include="forward\ForwardChecking.cpp">
      <Filter>forward</Filter>
    </ClCompile>
    <ClCompile Include="forward\UpdateByCell.cpp">
      <Filter>forward</Filter>
    </ClCompile>
    <ClCompile Include="forward\UpdateByConvolution.cpp">
      <Filter>forward</Filter>
    </ClCompile>
    <ClCompile Include="math\Gamma.cpp">
      <Filter>math</Filter>
    </ClCompile>
    <ClCompile Include="math\Gaussian.cpp">
      <Filter>math</Filter>
    </ClCompile>
    <ClCompile Include="math\GaussianBlur.cpp">
      <Filter>math</Filter>
    </ClCompile>
    <ClCompile Include="model\Cell.cpp">
      <Filter>model</Filter>
    </ClCompile>
    <ClCompile Include="model\Cells.cpp">
      <Filter>model</Filter>
    </ClCompile>
    <ClCompile Include="model\Coordinate.cpp">
      <Filter>model</Filter>
    </ClCompile>
    <ClCompile Include="model\Hypothesis.cpp">
      <Filter>model</Filter>
    </ClCompile>
    <ClCompile Include="model\Map3D.cpp">
      <Filter>model</Filter>
    </ClCompile>
    <ClCompile Include="model\Methane.cpp">
      <Filter>model</Filter>
    </ClCompile>
    <ClCompile Include="model\Wind.cpp">
      <Filter>model</Filter>
    </ClCompile>
    <ClCompile Include="model\WindVector.cpp">
      <Filter>model</Filter>
    </ClCompile>
    <ClCompile Include="filesystem\cell.pb.cc">
      <Filter>filesystem</Filter>
    </ClCompile>
    <ClCompile Include="filesystem\hypothesis.pb.cc">
      <Filter>filesystem</Filter>
    </ClCompile>
    <ClCompile Include="filesystem\MessageBuilder.cpp">
      <Filter>filesystem</Filter>
    </ClCompile>
    <ClCompile Include="initializer\HypothesisInitializer.cpp">
      <Filter>initializer</Filter>
    </ClCompile>
    <ClCompile Include="initializer\MapBuilder.cpp">
      <Filter>initializer</Filter>
    </ClCompile>
    <ClCompile Include="main.cpp" />
  </ItemGroup>
  <ItemGroup>
    <ClInclude Include="model\Cell.h">
      <Filter>model</Filter>
    </ClInclude>
    <ClInclude Include="model\Cells.h">
      <Filter>model</Filter>
    </ClInclude>
    <ClInclude Include="model\Coordinate.h">
      <Filter>model</Filter>
    </ClInclude>
    <ClInclude Include="model\Map3D.h">
      <Filter>model</Filter>
    </ClInclude>
    <ClInclude Include="model\Methane.h">
      <Filter>model</Filter>
    </ClInclude>
    <ClInclude Include="model\Wind.h">
      <Filter>model</Filter>
    </ClInclude>
    <ClInclude Include="model\WindVector.h">
      <Filter>model</Filter>
    </ClInclude>
    <ClInclude Include="forward\ForwardChecking.h">
      <Filter>forward</Filter>
    </ClInclude>
    <ClInclude Include="forward\UpdateByCell.h">
      <Filter>forward</Filter>
    </ClInclude>
    <ClInclude Include="model\Hypothesis.h">
      <Filter>model</Filter>
    </ClInclude>
    <ClInclude Include="math\Gamma.h">
      <Filter>math</Filter>
    </ClInclude>
    <ClInclude Include="math\Gaussian.h">
      <Filter>math</Filter>
    </ClInclude>
    <ClInclude Include="math\GaussianBlur.h">
      <Filter>math</Filter>
    </ClInclude>
    <ClInclude Include="backwrad\BackwardChecking.h">
      <Filter>backward</Filter>
    </ClInclude>
    <ClInclude Include="forward\UpdateByConvolution.h">
      <Filter>forward</Filter>
    </ClInclude>
    <ClInclude Include="filesystem\cell.pb.h">
      <Filter>filesystem</Filter>
    </ClInclude>
    <ClInclude Include="filesystem\hypothesis.pb.h">
      <Filter>filesystem</Filter>
    </ClInclude>
    <ClInclude Include="filesystem\MessageBuilder.h">
      <Filter>filesystem</Filter>
    </ClInclude>
    <ClInclude Include="initializer\HypothesisInitializer.h">
      <Filter>initializer</Filter>
    </ClInclude>
    <ClInclude Include="initializer\MapBuilder.h">
      <Filter>initializer</Filter>
    </ClInclude>
  </ItemGroup>
  <ItemGroup>
    <None Include="cfg\detection.json">
      <Filter>cfg</Filter>
    </None>
    <None Include="cfg\hypothesis.json">
      <Filter>cfg</Filter>
    </None>
    <None Include="cfg\map.json">
      <Filter>cfg</Filter>
    </None>
    <None Include="cfg\output.bin">
      <Filter>cfg</Filter>
    </None>
  </ItemGroup>
  <ItemGroup>
    <Text Include="cfg\output.txt">
      <Filter>cfg</Filter>
    </Text>
  </ItemGroup>
</Project>