// !$*UTF8*$!
{
	archiveVersion = 1;
	classes = {
	};
	objectVersion = 46;
	objects = {

/* Begin PBXBuildFile section */
		AC3438EB197EBF03002E37AE /* Gamma.cpp in Sources */ = {isa = PBXBuildFile; fileRef = AC3438E5197EBF03002E37AE /* Gamma.cpp */; };
		AC3438EC197EBF03002E37AE /* Gaussian.cpp in Sources */ = {isa = PBXBuildFile; fileRef = AC3438E7197EBF03002E37AE /* Gaussian.cpp */; };
		AC3438ED197EBF03002E37AE /* GaussianBlur.cpp in Sources */ = {isa = PBXBuildFile; fileRef = AC3438E9197EBF03002E37AE /* GaussianBlur.cpp */; };
		AC4AE2A3197D6C410089A6F9 /* ForwardChecking.cpp in Sources */ = {isa = PBXBuildFile; fileRef = AC4AE28D197D6C410089A6F9 /* ForwardChecking.cpp */; };
		AC4AE2A4197D6C410089A6F9 /* UpdateByCell.cpp in Sources */ = {isa = PBXBuildFile; fileRef = AC4AE28F197D6C410089A6F9 /* UpdateByCell.cpp */; };
		AC4AE2A5197D6C410089A6F9 /* Cell.cpp in Sources */ = {isa = PBXBuildFile; fileRef = AC4AE292197D6C410089A6F9 /* Cell.cpp */; };
		AC4AE2A6197D6C410089A6F9 /* Cells.cpp in Sources */ = {isa = PBXBuildFile; fileRef = AC4AE294197D6C410089A6F9 /* Cells.cpp */; };
		AC4AE2A7197D6C410089A6F9 /* Coordinate.cpp in Sources */ = {isa = PBXBuildFile; fileRef = AC4AE296197D6C410089A6F9 /* Coordinate.cpp */; };
		AC4AE2A8197D6C410089A6F9 /* Hypothesis.cpp in Sources */ = {isa = PBXBuildFile; fileRef = AC4AE298197D6C410089A6F9 /* Hypothesis.cpp */; };
		AC4AE2A9197D6C410089A6F9 /* Map3D.cpp in Sources */ = {isa = PBXBuildFile; fileRef = AC4AE29A197D6C410089A6F9 /* Map3D.cpp */; };
		AC4AE2AA197D6C410089A6F9 /* Methane.cpp in Sources */ = {isa = PBXBuildFile; fileRef = AC4AE29C197D6C410089A6F9 /* Methane.cpp */; };
		AC4AE2AB197D6C410089A6F9 /* Wind.cpp in Sources */ = {isa = PBXBuildFile; fileRef = AC4AE29F197D6C410089A6F9 /* Wind.cpp */; };
		AC4AE2AC197D6C410089A6F9 /* WindVector.cpp in Sources */ = {isa = PBXBuildFile; fileRef = AC4AE2A1197D6C410089A6F9 /* WindVector.cpp */; };
		AC4AE2B3197D7AC40089A6F9 /* BackwardChecking.cpp in Sources */ = {isa = PBXBuildFile; fileRef = AC4AE2B1197D7AC40089A6F9 /* BackwardChecking.cpp */; settings = {COMPILER_FLAGS = "-DBOOST_LOG_DYN_LINK"; }; };
		AC5F12E51991906200ED30C5 /* InformationGain.cpp in Sources */ = {isa = PBXBuildFile; fileRef = AC5F12E31991906200ED30C5 /* InformationGain.cpp */; };
		AC62FAD2199A8B8800C91045 /* cell.pb.cc in Sources */ = {isa = PBXBuildFile; fileRef = AC62FACA199A8B8800C91045 /* cell.pb.cc */; };
		AC62FAD3199A8B8800C91045 /* dect.pb.cc in Sources */ = {isa = PBXBuildFile; fileRef = AC62FACC199A8B8800C91045 /* dect.pb.cc */; };
		AC62FAD4199A8B8800C91045 /* hypothesis.pb.cc in Sources */ = {isa = PBXBuildFile; fileRef = AC62FACE199A8B8800C91045 /* hypothesis.pb.cc */; };
		AC62FAD5199A8B8800C91045 /* MessageBuilder.cpp in Sources */ = {isa = PBXBuildFile; fileRef = AC62FAD0199A8B8800C91045 /* MessageBuilder.cpp */; };
		AC7D6F59198178BD0041B1E9 /* UpdateByConvolution.cpp in Sources */ = {isa = PBXBuildFile; fileRef = AC7D6F57198178BD0041B1E9 /* UpdateByConvolution.cpp */; };
		ACB63F121999668E000FF6A9 /* DetectionInitializer.cpp in Sources */ = {isa = PBXBuildFile; fileRef = ACB63F101999668E000FF6A9 /* DetectionInitializer.cpp */; };
		ACD77E1A19894BFF0057ED65 /* main.cpp in Sources */ = {isa = PBXBuildFile; fileRef = ACD77E1919894BFF0057ED65 /* main.cpp */; };
		ACD77E2019894C060057ED65 /* HypothesisInitializer.cpp in Sources */ = {isa = PBXBuildFile; fileRef = ACD77E1C19894C060057ED65 /* HypothesisInitializer.cpp */; };
		ACD77E2119894C060057ED65 /* MapBuilder.cpp in Sources */ = {isa = PBXBuildFile; fileRef = ACD77E1E19894C060057ED65 /* MapBuilder.cpp */; };
/* End PBXBuildFile section */

/* Begin PBXCopyFilesBuildPhase section */
		ACE0817719797CC300C6880A /* CopyFiles */ = {
			isa = PBXCopyFilesBuildPhase;
			buildActionMask = 2147483647;
			dstPath = /usr/share/man/man1/;
			dstSubfolderSpec = 0;
			files = (
			);
			runOnlyForDeploymentPostprocessing = 1;
		};
/* End PBXCopyFilesBuildPhase section */

/* Begin PBXFileReference section */
		AC3438E5197EBF03002E37AE /* Gamma.cpp */ = {isa = PBXFileReference; fileEncoding = 4; lastKnownFileType = sourcecode.cpp.cpp; path = Gamma.cpp; sourceTree = "<group>"; };
		AC3438E6197EBF03002E37AE /* Gamma.h */ = {isa = PBXFileReference; fileEncoding = 4; lastKnownFileType = sourcecode.c.h; path = Gamma.h; sourceTree = "<group>"; };
		AC3438E7197EBF03002E37AE /* Gaussian.cpp */ = {isa = PBXFileReference; fileEncoding = 4; lastKnownFileType = sourcecode.cpp.cpp; path = Gaussian.cpp; sourceTree = "<group>"; };
		AC3438E8197EBF03002E37AE /* Gaussian.h */ = {isa = PBXFileReference; fileEncoding = 4; lastKnownFileType = sourcecode.c.h; path = Gaussian.h; sourceTree = "<group>"; };
		AC3438E9197EBF03002E37AE /* GaussianBlur.cpp */ = {isa = PBXFileReference; fileEncoding = 4; lastKnownFileType = sourcecode.cpp.cpp; path = GaussianBlur.cpp; sourceTree = "<group>"; };
		AC3438EA197EBF03002E37AE /* GaussianBlur.h */ = {isa = PBXFileReference; fileEncoding = 4; lastKnownFileType = sourcecode.c.h; path = GaussianBlur.h; sourceTree = "<group>"; };
		AC4AE28D197D6C410089A6F9 /* ForwardChecking.cpp */ = {isa = PBXFileReference; fileEncoding = 4; lastKnownFileType = sourcecode.cpp.cpp; path = ForwardChecking.cpp; sourceTree = "<group>"; };
		AC4AE28E197D6C410089A6F9 /* ForwardChecking.h */ = {isa = PBXFileReference; fileEncoding = 4; lastKnownFileType = sourcecode.c.h; path = ForwardChecking.h; sourceTree = "<group>"; };
		AC4AE28F197D6C410089A6F9 /* UpdateByCell.cpp */ = {isa = PBXFileReference; fileEncoding = 4; lastKnownFileType = sourcecode.cpp.cpp; path = UpdateByCell.cpp; sourceTree = "<group>"; };
		AC4AE290197D6C410089A6F9 /* UpdateByCell.h */ = {isa = PBXFileReference; fileEncoding = 4; lastKnownFileType = sourcecode.c.h; path = UpdateByCell.h; sourceTree = "<group>"; };
		AC4AE292197D6C410089A6F9 /* Cell.cpp */ = {isa = PBXFileReference; fileEncoding = 4; lastKnownFileType = sourcecode.cpp.cpp; path = Cell.cpp; sourceTree = "<group>"; };
		AC4AE293197D6C410089A6F9 /* Cell.h */ = {isa = PBXFileReference; fileEncoding = 4; lastKnownFileType = sourcecode.c.h; path = Cell.h; sourceTree = "<group>"; };
		AC4AE294197D6C410089A6F9 /* Cells.cpp */ = {isa = PBXFileReference; fileEncoding = 4; lastKnownFileType = sourcecode.cpp.cpp; path = Cells.cpp; sourceTree = "<group>"; };
		AC4AE295197D6C410089A6F9 /* Cells.h */ = {isa = PBXFileReference; fileEncoding = 4; lastKnownFileType = sourcecode.c.h; path = Cells.h; sourceTree = "<group>"; };
		AC4AE296197D6C410089A6F9 /* Coordinate.cpp */ = {isa = PBXFileReference; fileEncoding = 4; lastKnownFileType = sourcecode.cpp.cpp; path = Coordinate.cpp; sourceTree = "<group>"; };
		AC4AE297197D6C410089A6F9 /* Coordinate.h */ = {isa = PBXFileReference; fileEncoding = 4; lastKnownFileType = sourcecode.c.h; path = Coordinate.h; sourceTree = "<group>"; };
		AC4AE298197D6C410089A6F9 /* Hypothesis.cpp */ = {isa = PBXFileReference; fileEncoding = 4; lastKnownFileType = sourcecode.cpp.cpp; path = Hypothesis.cpp; sourceTree = "<group>"; };
		AC4AE299197D6C410089A6F9 /* Hypothesis.h */ = {isa = PBXFileReference; fileEncoding = 4; lastKnownFileType = sourcecode.c.h; path = Hypothesis.h; sourceTree = "<group>"; };
		AC4AE29A197D6C410089A6F9 /* Map3D.cpp */ = {isa = PBXFileReference; fileEncoding = 4; lastKnownFileType = sourcecode.cpp.cpp; path = Map3D.cpp; sourceTree = "<group>"; };
		AC4AE29B197D6C410089A6F9 /* Map3D.h */ = {isa = PBXFileReference; fileEncoding = 4; lastKnownFileType = sourcecode.c.h; path = Map3D.h; sourceTree = "<group>"; };
		AC4AE29C197D6C410089A6F9 /* Methane.cpp */ = {isa = PBXFileReference; fileEncoding = 4; lastKnownFileType = sourcecode.cpp.cpp; path = Methane.cpp; sourceTree = "<group>"; };
		AC4AE29D197D6C410089A6F9 /* Methane.h */ = {isa = PBXFileReference; fileEncoding = 4; lastKnownFileType = sourcecode.c.h; path = Methane.h; sourceTree = "<group>"; };
		AC4AE29F197D6C410089A6F9 /* Wind.cpp */ = {isa = PBXFileReference; fileEncoding = 4; lastKnownFileType = sourcecode.cpp.cpp; path = Wind.cpp; sourceTree = "<group>"; };
		AC4AE2A0197D6C410089A6F9 /* Wind.h */ = {isa = PBXFileReference; fileEncoding = 4; lastKnownFileType = sourcecode.c.h; path = Wind.h; sourceTree = "<group>"; };
		AC4AE2A1197D6C410089A6F9 /* WindVector.cpp */ = {isa = PBXFileReference; fileEncoding = 4; lastKnownFileType = sourcecode.cpp.cpp; path = WindVector.cpp; sourceTree = "<group>"; };
		AC4AE2A2197D6C410089A6F9 /* WindVector.h */ = {isa = PBXFileReference; fileEncoding = 4; lastKnownFileType = sourcecode.c.h; path = WindVector.h; sourceTree = "<group>"; };
		AC4AE2B1197D7AC40089A6F9 /* BackwardChecking.cpp */ = {isa = PBXFileReference; fileEncoding = 4; lastKnownFileType = sourcecode.cpp.cpp; path = BackwardChecking.cpp; sourceTree = "<group>"; };
		AC4AE2B2197D7AC40089A6F9 /* BackwardChecking.h */ = {isa = PBXFileReference; fileEncoding = 4; lastKnownFileType = sourcecode.c.h; path = BackwardChecking.h; sourceTree = "<group>"; };
		AC5F12E31991906200ED30C5 /* InformationGain.cpp */ = {isa = PBXFileReference; fileEncoding = 4; lastKnownFileType = sourcecode.cpp.cpp; path = InformationGain.cpp; sourceTree = "<group>"; };
		AC5F12E41991906200ED30C5 /* InformationGain.h */ = {isa = PBXFileReference; fileEncoding = 4; lastKnownFileType = sourcecode.c.h; path = InformationGain.h; sourceTree = "<group>"; };
		AC62FACA199A8B8800C91045 /* cell.pb.cc */ = {isa = PBXFileReference; fileEncoding = 4; lastKnownFileType = sourcecode.cpp.cpp; name = cell.pb.cc; path = message/cell.pb.cc; sourceTree = SOURCE_ROOT; };
		AC62FACB199A8B8800C91045 /* cell.pb.h */ = {isa = PBXFileReference; fileEncoding = 4; lastKnownFileType = sourcecode.c.h; name = cell.pb.h; path = message/cell.pb.h; sourceTree = SOURCE_ROOT; };
		AC62FACC199A8B8800C91045 /* dect.pb.cc */ = {isa = PBXFileReference; fileEncoding = 4; lastKnownFileType = sourcecode.cpp.cpp; name = dect.pb.cc; path = message/dect.pb.cc; sourceTree = SOURCE_ROOT; };
		AC62FACD199A8B8800C91045 /* dect.pb.h */ = {isa = PBXFileReference; fileEncoding = 4; lastKnownFileType = sourcecode.c.h; name = dect.pb.h; path = message/dect.pb.h; sourceTree = SOURCE_ROOT; };
		AC62FACE199A8B8800C91045 /* hypothesis.pb.cc */ = {isa = PBXFileReference; fileEncoding = 4; lastKnownFileType = sourcecode.cpp.cpp; name = hypothesis.pb.cc; path = message/hypothesis.pb.cc; sourceTree = SOURCE_ROOT; };
		AC62FACF199A8B8800C91045 /* hypothesis.pb.h */ = {isa = PBXFileReference; fileEncoding = 4; lastKnownFileType = sourcecode.c.h; name = hypothesis.pb.h; path = message/hypothesis.pb.h; sourceTree = SOURCE_ROOT; };
		AC62FAD0199A8B8800C91045 /* MessageBuilder.cpp */ = {isa = PBXFileReference; fileEncoding = 4; lastKnownFileType = sourcecode.cpp.cpp; name = MessageBuilder.cpp; path = message/MessageBuilder.cpp; sourceTree = SOURCE_ROOT; };
		AC62FAD1199A8B8800C91045 /* MessageBuilder.h */ = {isa = PBXFileReference; fileEncoding = 4; lastKnownFileType = sourcecode.c.h; name = MessageBuilder.h; path = message/MessageBuilder.h; sourceTree = SOURCE_ROOT; };
		AC7D6F57198178BD0041B1E9 /* UpdateByConvolution.cpp */ = {isa = PBXFileReference; fileEncoding = 4; lastKnownFileType = sourcecode.cpp.cpp; path = UpdateByConvolution.cpp; sourceTree = "<group>"; };
		AC7D6F58198178BD0041B1E9 /* UpdateByConvolution.h */ = {isa = PBXFileReference; fileEncoding = 4; lastKnownFileType = sourcecode.c.h; path = UpdateByConvolution.h; sourceTree = "<group>"; };
		ACB63F101999668E000FF6A9 /* DetectionInitializer.cpp */ = {isa = PBXFileReference; fileEncoding = 4; lastKnownFileType = sourcecode.cpp.cpp; path = DetectionInitializer.cpp; sourceTree = "<group>"; };
		ACB63F111999668E000FF6A9 /* DetectionInitializer.h */ = {isa = PBXFileReference; fileEncoding = 4; lastKnownFileType = sourcecode.c.h; path = DetectionInitializer.h; sourceTree = "<group>"; };
		ACD77E1919894BFF0057ED65 /* main.cpp */ = {isa = PBXFileReference; fileEncoding = 4; lastKnownFileType = sourcecode.cpp.cpp; path = main.cpp; sourceTree = "<group>"; };
		ACD77E1C19894C060057ED65 /* HypothesisInitializer.cpp */ = {isa = PBXFileReference; fileEncoding = 4; lastKnownFileType = sourcecode.cpp.cpp; path = HypothesisInitializer.cpp; sourceTree = "<group>"; };
		ACD77E1D19894C060057ED65 /* HypothesisInitializer.h */ = {isa = PBXFileReference; fileEncoding = 4; lastKnownFileType = sourcecode.c.h; path = HypothesisInitializer.h; sourceTree = "<group>"; };
		ACD77E1E19894C060057ED65 /* MapBuilder.cpp */ = {isa = PBXFileReference; fileEncoding = 4; lastKnownFileType = sourcecode.cpp.cpp; path = MapBuilder.cpp; sourceTree = "<group>"; };
		ACD77E1F19894C060057ED65 /* MapBuilder.h */ = {isa = PBXFileReference; fileEncoding = 4; lastKnownFileType = sourcecode.c.h; path = MapBuilder.h; sourceTree = "<group>"; };
		ACE0817919797CC400C6880A /* SnifferCxx */ = {isa = PBXFileReference; explicitFileType = "compiled.mach-o.executable"; includeInIndex = 0; path = SnifferCxx; sourceTree = BUILT_PRODUCTS_DIR; };
		ACE0818619797D2B00C6880A /* SnifferCxx.1 */ = {isa = PBXFileReference; fileEncoding = 4; lastKnownFileType = text.man; path = SnifferCxx.1; sourceTree = "<group>"; };
/* End PBXFileReference section */

/* Begin PBXFrameworksBuildPhase section */
		ACE0817619797CC300C6880A /* Frameworks */ = {
			isa = PBXFrameworksBuildPhase;
			buildActionMask = 2147483647;
			files = (
			);
			runOnlyForDeploymentPostprocessing = 0;
		};
/* End PBXFrameworksBuildPhase section */

/* Begin PBXGroup section */
		AC3438E4197EBF03002E37AE /* math */ = {
			isa = PBXGroup;
			children = (
				AC3438E5197EBF03002E37AE /* Gamma.cpp */,
				AC3438E6197EBF03002E37AE /* Gamma.h */,
				AC3438E7197EBF03002E37AE /* Gaussian.cpp */,
				AC3438E8197EBF03002E37AE /* Gaussian.h */,
				AC3438E9197EBF03002E37AE /* GaussianBlur.cpp */,
				AC3438EA197EBF03002E37AE /* GaussianBlur.h */,
			);
			path = math;
			sourceTree = "<group>";
		};
		AC4AE28C197D6C410089A6F9 /* forward */ = {
			isa = PBXGroup;
			children = (
				AC7D6F57198178BD0041B1E9 /* UpdateByConvolution.cpp */,
				AC7D6F58198178BD0041B1E9 /* UpdateByConvolution.h */,
				AC4AE28D197D6C410089A6F9 /* ForwardChecking.cpp */,
				AC4AE28E197D6C410089A6F9 /* ForwardChecking.h */,
				AC4AE28F197D6C410089A6F9 /* UpdateByCell.cpp */,
				AC4AE290197D6C410089A6F9 /* UpdateByCell.h */,
			);
			path = forward;
			sourceTree = "<group>";
		};
		AC4AE291197D6C410089A6F9 /* model */ = {
			isa = PBXGroup;
			children = (
				AC4AE292197D6C410089A6F9 /* Cell.cpp */,
				AC4AE293197D6C410089A6F9 /* Cell.h */,
				AC4AE294197D6C410089A6F9 /* Cells.cpp */,
				AC4AE295197D6C410089A6F9 /* Cells.h */,
				AC4AE296197D6C410089A6F9 /* Coordinate.cpp */,
				AC4AE297197D6C410089A6F9 /* Coordinate.h */,
				AC4AE298197D6C410089A6F9 /* Hypothesis.cpp */,
				AC4AE299197D6C410089A6F9 /* Hypothesis.h */,
				AC4AE29A197D6C410089A6F9 /* Map3D.cpp */,
				AC4AE29B197D6C410089A6F9 /* Map3D.h */,
				AC4AE29C197D6C410089A6F9 /* Methane.cpp */,
				AC4AE29D197D6C410089A6F9 /* Methane.h */,
				AC4AE29F197D6C410089A6F9 /* Wind.cpp */,
				AC4AE2A0197D6C410089A6F9 /* Wind.h */,
				AC4AE2A1197D6C410089A6F9 /* WindVector.cpp */,
				AC4AE2A2197D6C410089A6F9 /* WindVector.h */,
			);
			path = model;
			sourceTree = "<group>";
		};
		AC4AE2B0197D78260089A6F9 /* backwrad */ = {
			isa = PBXGroup;
			children = (
				AC4AE2B1197D7AC40089A6F9 /* BackwardChecking.cpp */,
				AC4AE2B2197D7AC40089A6F9 /* BackwardChecking.h */,
				AC5F12E31991906200ED30C5 /* InformationGain.cpp */,
				AC5F12E41991906200ED30C5 /* InformationGain.h */,
			);
			path = backwrad;
			sourceTree = "<group>";
		};
		ACD77E1B19894C060057ED65 /* initializer */ = {
			isa = PBXGroup;
			children = (
				ACD77E1C19894C060057ED65 /* HypothesisInitializer.cpp */,
				ACD77E1D19894C060057ED65 /* HypothesisInitializer.h */,
				ACD77E1E19894C060057ED65 /* MapBuilder.cpp */,
				ACD77E1F19894C060057ED65 /* MapBuilder.h */,
				ACB63F101999668E000FF6A9 /* DetectionInitializer.cpp */,
				ACB63F111999668E000FF6A9 /* DetectionInitializer.h */,
			);
			path = initializer;
			sourceTree = "<group>";
		};
		ACE0817019797CC300C6880A = {
			isa = PBXGroup;
			children = (
				ACD77E1B19894C060057ED65 /* initializer */,
				ACED99E21986E91700E63AA5 /* message */,
				AC3438E4197EBF03002E37AE /* math */,
				AC4AE2B0197D78260089A6F9 /* backwrad */,
				AC4AE28C197D6C410089A6F9 /* forward */,
				AC4AE291197D6C410089A6F9 /* model */,
				ACE0818619797D2B00C6880A /* SnifferCxx.1 */,
				ACD77E1919894BFF0057ED65 /* main.cpp */,
				ACE0817A19797CC400C6880A /* Products */,
			);
			sourceTree = "<group>";
		};
		ACE0817A19797CC400C6880A /* Products */ = {
			isa = PBXGroup;
			children = (
				ACE0817919797CC400C6880A /* SnifferCxx */,
			);
			name = Products;
			sourceTree = "<group>";
		};
		ACED99E21986E91700E63AA5 /* message */ = {
			isa = PBXGroup;
			children = (
				AC62FACA199A8B8800C91045 /* cell.pb.cc */,
				AC62FACB199A8B8800C91045 /* cell.pb.h */,
				AC62FACC199A8B8800C91045 /* dect.pb.cc */,
				AC62FACD199A8B8800C91045 /* dect.pb.h */,
				AC62FACE199A8B8800C91045 /* hypothesis.pb.cc */,
				AC62FACF199A8B8800C91045 /* hypothesis.pb.h */,
				AC62FAD0199A8B8800C91045 /* MessageBuilder.cpp */,
				AC62FAD1199A8B8800C91045 /* MessageBuilder.h */,
			);
			name = message;
			path = filesystem;
			sourceTree = "<group>";
		};
/* End PBXGroup section */

/* Begin PBXNativeTarget section */
		ACE0817819797CC300C6880A /* SnifferCxx */ = {
			isa = PBXNativeTarget;
			buildConfigurationList = ACE0818219797CC400C6880A /* Build configuration list for PBXNativeTarget "SnifferCxx" */;
			buildPhases = (
				ACE0817519797CC300C6880A /* Sources */,
				ACE0817619797CC300C6880A /* Frameworks */,
				ACE0817719797CC300C6880A /* CopyFiles */,
			);
			buildRules = (
			);
			dependencies = (
			);
			name = SnifferCxx;
			productName = SnifferCxx;
			productReference = ACE0817919797CC400C6880A /* SnifferCxx */;
			productType = "com.apple.product-type.tool";
		};
/* End PBXNativeTarget section */

/* Begin PBXProject section */
		ACE0817119797CC300C6880A /* Project object */ = {
			isa = PBXProject;
			attributes = {
				LastUpgradeCheck = 0510;
				ORGANIZATIONNAME = JPL;
			};
			buildConfigurationList = ACE0817419797CC300C6880A /* Build configuration list for PBXProject "SnifferCxx" */;
			compatibilityVersion = "Xcode 3.2";
			developmentRegion = English;
			hasScannedForEncodings = 0;
			knownRegions = (
				en,
			);
			mainGroup = ACE0817019797CC300C6880A;
			productRefGroup = ACE0817A19797CC400C6880A /* Products */;
			projectDirPath = "";
			projectRoot = "";
			targets = (
				ACE0817819797CC300C6880A /* SnifferCxx */,
			);
		};
/* End PBXProject section */

/* Begin PBXSourcesBuildPhase section */
		ACE0817519797CC300C6880A /* Sources */ = {
			isa = PBXSourcesBuildPhase;
			buildActionMask = 2147483647;
			files = (
				AC3438ED197EBF03002E37AE /* GaussianBlur.cpp in Sources */,
				AC4AE2A6197D6C410089A6F9 /* Cells.cpp in Sources */,
				AC62FAD3199A8B8800C91045 /* dect.pb.cc in Sources */,
				AC62FAD2199A8B8800C91045 /* cell.pb.cc in Sources */,
				AC4AE2A7197D6C410089A6F9 /* Coordinate.cpp in Sources */,
				AC62FAD4199A8B8800C91045 /* hypothesis.pb.cc in Sources */,
				AC4AE2AC197D6C410089A6F9 /* WindVector.cpp in Sources */,
				AC4AE2A9197D6C410089A6F9 /* Map3D.cpp in Sources */,
				AC7D6F59198178BD0041B1E9 /* UpdateByConvolution.cpp in Sources */,
				AC4AE2A4197D6C410089A6F9 /* UpdateByCell.cpp in Sources */,
				AC5F12E51991906200ED30C5 /* InformationGain.cpp in Sources */,
				ACB63F121999668E000FF6A9 /* DetectionInitializer.cpp in Sources */,
				AC3438EB197EBF03002E37AE /* Gamma.cpp in Sources */,
				AC4AE2AB197D6C410089A6F9 /* Wind.cpp in Sources */,
				AC4AE2AA197D6C410089A6F9 /* Methane.cpp in Sources */,
				AC62FAD5199A8B8800C91045 /* MessageBuilder.cpp in Sources */,
				ACD77E1A19894BFF0057ED65 /* main.cpp in Sources */,
				ACD77E2019894C060057ED65 /* HypothesisInitializer.cpp in Sources */,
				AC4AE2A3197D6C410089A6F9 /* ForwardChecking.cpp in Sources */,
				ACD77E2119894C060057ED65 /* MapBuilder.cpp in Sources */,
				AC4AE2A5197D6C410089A6F9 /* Cell.cpp in Sources */,
				AC3438EC197EBF03002E37AE /* Gaussian.cpp in Sources */,
				AC4AE2A8197D6C410089A6F9 /* Hypothesis.cpp in Sources */,
				AC4AE2B3197D7AC40089A6F9 /* BackwardChecking.cpp in Sources */,
			);
			runOnlyForDeploymentPostprocessing = 0;
		};
/* End PBXSourcesBuildPhase section */

/* Begin XCBuildConfiguration section */
		ACE0818019797CC400C6880A /* Debug */ = {
			isa = XCBuildConfiguration;
			buildSettings = {
				ALWAYS_SEARCH_USER_PATHS = NO;
				CLANG_CXX_LANGUAGE_STANDARD = "gnu++0x";
				CLANG_CXX_LIBRARY = "libc++";
				CLANG_ENABLE_MODULES = YES;
				CLANG_ENABLE_OBJC_ARC = YES;
				CLANG_WARN_BOOL_CONVERSION = YES;
				CLANG_WARN_CONSTANT_CONVERSION = YES;
				CLANG_WARN_DIRECT_OBJC_ISA_USAGE = YES_ERROR;
				CLANG_WARN_EMPTY_BODY = YES;
				CLANG_WARN_ENUM_CONVERSION = YES;
				CLANG_WARN_INT_CONVERSION = YES;
				CLANG_WARN_OBJC_ROOT_CLASS = YES_ERROR;
				CLANG_WARN__DUPLICATE_METHOD_MATCH = YES;
				COPY_PHASE_STRIP = NO;
				GCC_C_LANGUAGE_STANDARD = gnu99;
				GCC_DYNAMIC_NO_PIC = NO;
				GCC_ENABLE_OBJC_EXCEPTIONS = YES;
				GCC_OPTIMIZATION_LEVEL = 0;
				GCC_PREPROCESSOR_DEFINITIONS = (
					"DEBUG=1",
					"$(inherited)",
				);
				GCC_SYMBOLS_PRIVATE_EXTERN = NO;
				GCC_WARN_64_TO_32_BIT_CONVERSION = YES;
				GCC_WARN_ABOUT_RETURN_TYPE = YES_ERROR;
				GCC_WARN_UNDECLARED_SELECTOR = YES;
				GCC_WARN_UNINITIALIZED_AUTOS = YES_AGGRESSIVE;
				GCC_WARN_UNUSED_FUNCTION = YES;
				GCC_WARN_UNUSED_VARIABLE = YES;
				MACOSX_DEPLOYMENT_TARGET = 10.9;
				ONLY_ACTIVE_ARCH = YES;
				SDKROOT = macosx;
				WARNING_LDFLAGS = "";
			};
			name = Debug;
		};
		ACE0818119797CC400C6880A /* Release */ = {
			isa = XCBuildConfiguration;
			buildSettings = {
				ALWAYS_SEARCH_USER_PATHS = NO;
				CLANG_CXX_LANGUAGE_STANDARD = "gnu++0x";
				CLANG_CXX_LIBRARY = "libc++";
				CLANG_ENABLE_MODULES = YES;
				CLANG_ENABLE_OBJC_ARC = YES;
				CLANG_WARN_BOOL_CONVERSION = YES;
				CLANG_WARN_CONSTANT_CONVERSION = YES;
				CLANG_WARN_DIRECT_OBJC_ISA_USAGE = YES_ERROR;
				CLANG_WARN_EMPTY_BODY = YES;
				CLANG_WARN_ENUM_CONVERSION = YES;
				CLANG_WARN_INT_CONVERSION = YES;
				CLANG_WARN_OBJC_ROOT_CLASS = YES_ERROR;
				CLANG_WARN__DUPLICATE_METHOD_MATCH = YES;
				COPY_PHASE_STRIP = YES;
				DEBUG_INFORMATION_FORMAT = "dwarf-with-dsym";
				ENABLE_NS_ASSERTIONS = NO;
				GCC_C_LANGUAGE_STANDARD = gnu99;
				GCC_ENABLE_OBJC_EXCEPTIONS = YES;
				GCC_WARN_64_TO_32_BIT_CONVERSION = YES;
				GCC_WARN_ABOUT_RETURN_TYPE = YES_ERROR;
				GCC_WARN_UNDECLARED_SELECTOR = YES;
				GCC_WARN_UNINITIALIZED_AUTOS = YES_AGGRESSIVE;
				GCC_WARN_UNUSED_FUNCTION = YES;
				GCC_WARN_UNUSED_VARIABLE = YES;
				MACOSX_DEPLOYMENT_TARGET = 10.9;
				SDKROOT = macosx;
				WARNING_LDFLAGS = "";
			};
			name = Release;
		};
		ACE0818319797CC400C6880A /* Debug */ = {
			isa = XCBuildConfiguration;
			buildSettings = {
				CLANG_CXX_LANGUAGE_STANDARD = "gnu++0x";
				CLANG_CXX_LIBRARY = "libc++";
				DEBUG_INFORMATION_FORMAT = dwarf;
				HEADER_SEARCH_PATHS = (
					"$(inherited)",
					/Applications/Xcode.app/Contents/Developer/Toolchains/XcodeDefault.xctoolchain/usr/include,
					/usr/local/Cellar/boost/1.55.0_2/include,
					/usr/local/Cellar/protobuf241/2.4.1/include,
				);
				LIBRARY_SEARCH_PATHS = (
					/usr/local/Cellar/boost/1.55.0_2/lib,
					/usr/local/Cellar/protobuf241/2.4.1/lib,
				);
				OTHER_LDFLAGS = (
					"-lboost_system",
					"-lboost_log-mt",
					"-lboost_serialization",
					"-lprotobuf",
				);
				PRODUCT_NAME = "$(TARGET_NAME)";
			};
			name = Debug;
		};
		ACE0818419797CC400C6880A /* Release */ = {
			isa = XCBuildConfiguration;
			buildSettings = {
				CLANG_CXX_LANGUAGE_STANDARD = "gnu++0x";
				CLANG_CXX_LIBRARY = "libc++";
				HEADER_SEARCH_PATHS = (
					"$(inherited)",
					/Applications/Xcode.app/Contents/Developer/Toolchains/XcodeDefault.xctoolchain/usr/include,
					/usr/local/Cellar/boost/1.55.0_2/include,
					/usr/local/Cellar/protobuf241/2.4.1/include,
				);
				LIBRARY_SEARCH_PATHS = (
					/usr/local/Cellar/boost/1.55.0_2/lib,
					/usr/local/Cellar/protobuf241/2.4.1/lib,
				);
				OTHER_LDFLAGS = (
					"-lboost_system",
					"-lboost_log-mt",
					"-lboost_serialization",
					"-lprotobuf",
				);
				PRODUCT_NAME = "$(TARGET_NAME)";
			};
			name = Release;
		};
/* End XCBuildConfiguration section */

/* Begin XCConfigurationList section */
		ACE0817419797CC300C6880A /* Build configuration list for PBXProject "SnifferCxx" */ = {
			isa = XCConfigurationList;
			buildConfigurations = (
				ACE0818019797CC400C6880A /* Debug */,
				ACE0818119797CC400C6880A /* Release */,
			);
			defaultConfigurationIsVisible = 0;
			defaultConfigurationName = Release;
		};
		ACE0818219797CC400C6880A /* Build configuration list for PBXNativeTarget "SnifferCxx" */ = {
			isa = XCConfigurationList;
			buildConfigurations = (
				ACE0818319797CC400C6880A /* Debug */,
				ACE0818419797CC400C6880A /* Release */,
			);
			defaultConfigurationIsVisible = 0;
			defaultConfigurationName = Release;
		};
/* End XCConfigurationList section */
	};
	rootObject = ACE0817119797CC300C6880A /* Project object */;
}
