<?xml version="1.0" encoding="utf-8"?>
<Project ToolsVersion="4.0" xmlns="http://schemas.microsoft.com/developer/msbuild/2003">
  <ItemGroup>
    <Filter Include="Source Files">
      <UniqueIdentifier>{4FC737F1-C7A5-4376-A066-2A32D752A2FF}</UniqueIdentifier>
      <Extensions>cpp;c;cc;cxx;def;odl;idl;hpj;bat;asm;asmx</Extensions>
    </Filter>
    <Filter Include="Header Files">
      <UniqueIdentifier>{93995380-89BD-4b04-88EB-625FBE52EBFB}</UniqueIdentifier>
      <Extensions>h;hh;hpp;hxx;hm;inl;inc;xsd</Extensions>
    </Filter>
    <Filter Include="Resource Files">
      <UniqueIdentifier>{67DA6AB6-F800-4c08-8B7A-83BB121AAD01}</UniqueIdentifier>
      <Extensions>rc;ico;cur;bmp;dlg;rc2;rct;bin;rgs;gif;jpg;jpeg;jpe;resx;tiff;tif;png;wav;mfcribbon-ms</Extensions>
    </Filter>
    <Filter Include="Source Files\model">
      <UniqueIdentifier>{2503fee2-3f69-4c01-9f6c-c74c83f98ae6}</UniqueIdentifier>
    </Filter>
    <Filter Include="Header Files\model">
      <UniqueIdentifier>{f29a2511-12a4-45b8-9f20-359a3063db36}</UniqueIdentifier>
    </Filter>
    <Filter Include="Test">
      <UniqueIdentifier>{3cd52b0b-63ee-4b7a-8a72-6dd70b9eeea0}</UniqueIdentifier>
    </Filter>
  </ItemGroup>
  <ItemGroup>
    <ClCompile Include="..\SnifferCxx\model\Cell.cpp">
      <Filter>Source Files\model</Filter>
    </ClCompile>
    <ClCompile Include="..\SnifferCxx\model\Cells.cpp">
      <Filter>Source Files\model</Filter>
    </ClCompile>
    <ClCompile Include="..\SnifferCxx\model\Coordinate.cpp">
      <Filter>Source Files\model</Filter>
    </ClCompile>
    <ClCompile Include="..\SnifferCxx\model\Map3D.cpp">
      <Filter>Source Files\model</Filter>
    </ClCompile>
    <ClCompile Include="..\SnifferCxx\model\Methane.cpp">
      <Filter>Source Files\model</Filter>
    </ClCompile>
    <ClCompile Include="..\SnifferCxx\model\Wind.cpp">
      <Filter>Source Files\model</Filter>
    </ClCompile>
    <ClCompile Include="..\SnifferCxx\model\WindVector.cpp">
      <Filter>Source Files\model</Filter>
    </ClCompile>
    <ClCompile Include="model\testWindVector.cpp">
      <Filter>Test</Filter>
    </ClCompile>
    <ClCompile Include="model\testMap3D.cpp">
      <Filter>Test</Filter>
    </ClCompile>
    <ClCompile Include="..\SnifferCxx\model\Hypothesis.cpp">
      <Filter>Source Files\model</Filter>
    </ClCompile>
    <ClCompile Include="model\testCells.cpp">
      <Filter>Test</Filter>
    </ClCompile>
  </ItemGroup>
  <ItemGroup>
    <ClInclude Include="..\SnifferCxx\model\Cell.h">
      <Filter>Header Files\model</Filter>
    </ClInclude>
    <ClInclude Include="..\SnifferCxx\model\Cells.h">
      <Filter>Header Files\model</Filter>
    </ClInclude>
    <ClInclude Include="..\SnifferCxx\model\Coordinate.h">
      <Filter>Header Files\model</Filter>
    </ClInclude>
    <ClInclude Include="..\SnifferCxx\model\Map3D.h">
      <Filter>Header Files\model</Filter>
    </ClInclude>
    <ClInclude Include="..\SnifferCxx\model\Methane.h">
      <Filter>Header Files\model</Filter>
    </ClInclude>
    <ClInclude Include="..\SnifferCxx\model\Vector3D.h">
      <Filter>Header Files\model</Filter>
    </ClInclude>
    <ClInclude Include="..\SnifferCxx\model\Wind.h">
      <Filter>Header Files\model</Filter>
    </ClInclude>
    <ClInclude Include="..\SnifferCxx\model\WindVector.h">
      <Filter>Header Files\model</Filter>
    </ClInclude>
    <ClInclude Include="..\SnifferCxx\model\Hypothesis.h">
      <Filter>Source Files\model</Filter>
    </ClInclude>
  </ItemGroup>
</Project>