<?xml version="1.0" encoding="utf-8"?>
<Project ToolsVersion="4.0" xmlns="http://schemas.microsoft.com/developer/msbuild/2003">
  <ItemGroup>
    <Filter Include="Source Files">
      <UniqueIdentifier>{4FC737F1-C7A5-4376-A066-2A32D752A2FF}</UniqueIdentifier>
      <Extensions>cpp;c;cc;cxx;def;odl;idl;hpj;bat;asm;asmx</Extensions>
    </Filter>
    <Filter Include="Header Files">
      <UniqueIdentifier>{93995380-89BD-4b04-88EB-625FBE52EBFB}</UniqueIdentifier>
      <Extensions>h;hh;hpp;hxx;hm;inl;inc;xsd</Extensions>
    </Filter>
    <Filter Include="Resource Files">
      <UniqueIdentifier>{67DA6AB6-F800-4c08-8B7A-83BB121AAD01}</UniqueIdentifier>
      <Extensions>rc;ico;cur;bmp;dlg;rc2;rct;bin;rgs;gif;jpg;jpeg;jpe;resx;tiff;tif;png;wav;mfcribbon-ms</Extensions>
    </Filter>
    <Filter Include="Header Files\model">
      <UniqueIdentifier>{be61ab7d-b860-4985-b348-dd9413e24095}</UniqueIdentifier>
    </Filter>
    <Filter Include="Source Files\model">
      <UniqueIdentifier>{c3d5e557-d2bd-425b-b05e-6cab111a848e}</UniqueIdentifier>
    </Filter>
    <Filter Include="Header Files\forward">
      <UniqueIdentifier>{7b134845-092c-4cae-a062-b44aee3e45fd}</UniqueIdentifier>
    </Filter>
    <Filter Include="Source Files\forward">
      <UniqueIdentifier>{9ef5c441-b232-47eb-a044-160237d3cdb8}</UniqueIdentifier>
    </Filter>
  </ItemGroup>
  <ItemGroup>
    <ClCompile Include="model\Cell.cpp">
      <Filter>Source Files\model</Filter>
    </ClCompile>
    <ClCompile Include="model\Cells.cpp">
      <Filter>Source Files\model</Filter>
    </ClCompile>
    <ClCompile Include="model\Coordinate.cpp">
      <Filter>Source Files\model</Filter>
    </ClCompile>
    <ClCompile Include="model\Map3D.cpp">
      <Filter>Source Files\model</Filter>
    </ClCompile>
    <ClCompile Include="model\Methane.cpp">
      <Filter>Source Files\model</Filter>
    </ClCompile>
    <ClCompile Include="model\Wind.cpp">
      <Filter>Source Files\model</Filter>
    </ClCompile>
    <ClCompile Include="model\WindVector.cpp">
      <Filter>Source Files\model</Filter>
    </ClCompile>
    <ClCompile Include="main.cpp">
      <Filter>Source Files</Filter>
    </ClCompile>
    <ClCompile Include="forward\ForwardChecking.cpp">
      <Filter>Source Files\forward</Filter>
    </ClCompile>
    <ClCompile Include="forward\UpdateByCell.cpp">
      <Filter>Source Files\forward</Filter>
    </ClCompile>
    <ClCompile Include="model\Hypothesis.cpp">
      <Filter>Source Files\model</Filter>
    </ClCompile>
  </ItemGroup>
  <ItemGroup>
    <ClInclude Include="model\Cell.h">
      <Filter>Header Files\model</Filter>
    </ClInclude>
    <ClInclude Include="model\Cells.h">
      <Filter>Header Files\model</Filter>
    </ClInclude>
    <ClInclude Include="model\Coordinate.h">
      <Filter>Header Files\model</Filter>
    </ClInclude>
    <ClInclude Include="model\Map3D.h">
      <Filter>Header Files\model</Filter>
    </ClInclude>
    <ClInclude Include="model\Methane.h">
      <Filter>Header Files\model</Filter>
    </ClInclude>
    <ClInclude Include="model\Vector3D.h">
      <Filter>Header Files\model</Filter>
    </ClInclude>
    <ClInclude Include="model\Wind.h">
      <Filter>Header Files\model</Filter>
    </ClInclude>
    <ClInclude Include="model\WindVector.h">
      <Filter>Header Files\model</Filter>
    </ClInclude>
    <ClInclude Include="forward\ForwardChecking.h">
      <Filter>Header Files\forward</Filter>
    </ClInclude>
    <ClInclude Include="forward\UpdateByCell.h">
      <Filter>Header Files\forward</Filter>
    </ClInclude>
    <ClInclude Include="model\Hypothesis.h">
      <Filter>Header Files\model</Filter>
    </ClInclude>
  </ItemGroup>
</Project>